
Microsoft Visual Studio Solution File, Format Version 12.00
# Visual Studio Version 17
VisualStudioVersion = 17.4.33205.214
MinimumVisualStudioVersion = 10.0.40219.1
Project("{8BC9CEB8-8B4A-11D0-8D11-00A0C91BC942}") = "Sample-Test1", "Sample-Test1\Sample-Test1.vcxproj", "{3D0293B3-9EBF-4D23-8584-42A66FB1CDC9}"
EndProject
Global
	GlobalSection(SolutionConfigurationPlatforms) = preSolution
		Debug|x64 = Debug|x64
		Debug|x86 = Debug|x86
		Release|x64 = Release|x64
		Release|x86 = Release|x86
	EndGlobalSection
	GlobalSection(ProjectConfigurationPlatforms) = postSolution
		{3D0293B3-9EBF-4D23-8584-42A66FB1CDC9}.Debug|x64.ActiveCfg = Debug|x64
		{3D0293B3-9EBF-4D23-8584-42A66FB1CDC9}.Debug|x64.Build.0 = Debug|x64
		{3D0293B3-9EBF-4D23-8584-42A66FB1CDC9}.Debug|x86.ActiveCfg = Debug|Win32
		{3D0293B3-9EBF-4D23-8584-42A66FB1CDC9}.Debug|x86.Build.0 = Debug|Win32
		{3D0293B3-9EBF-4D23-8584-42A66FB1CDC9}.Release|x64.ActiveCfg = Release|x64
		{3D0293B3-9EBF-4D23-8584-42A66FB1CDC9}.Release|x64.Build.0 = Release|x64
		{3D0293B3-9EBF-4D23-8584-42A66FB1CDC9}.Release|x86.ActiveCfg = Release|Win32
		{3D0293B3-9EBF-4D23-8584-42A66FB1CDC9}.Release|x86.Build.0 = Release|Win32
	EndGlobalSection
	GlobalSection(SolutionProperties) = preSolution
		HideSolutionNode = FALSE
	EndGlobalSection
	GlobalSection(ExtensibilityGlobals) = postSolution
		SolutionGuid = {FE4CB890-F09F-40EA-8548-5059B7627D0A}
	EndGlobalSection
EndGlobal
