
Microsoft Visual Studio Solution File, Format Version 12.00
# Visual Studio Version 16
VisualStudioVersion = 16.0.33027.164
MinimumVisualStudioVersion = 10.0.40219.1
Project("{8BC9CEB8-8B4A-11D0-8D11-00A0C91BC942}") = "Process_schedule", "Process_schedule\Process_schedule.vcxproj", "{76578A55-6141-420C-B7BA-E85A90AA1DA6}"
EndProject
Global
	GlobalSection(SolutionConfigurationPlatforms) = preSolution
		Debug|x64 = Debug|x64
		Debug|x86 = Debug|x86
		Release|x64 = Release|x64
		Release|x86 = Release|x86
	EndGlobalSection
	GlobalSection(ProjectConfigurationPlatforms) = postSolution
		{76578A55-6141-420C-B7BA-E85A90AA1DA6}.Debug|x64.ActiveCfg = Debug|x64
		{76578A55-6141-420C-B7BA-E85A90AA1DA6}.Debug|x64.Build.0 = Debug|x64
		{76578A55-6141-420C-B7BA-E85A90AA1DA6}.Debug|x86.ActiveCfg = Debug|Win32
		{76578A55-6141-420C-B7BA-E85A90AA1DA6}.Debug|x86.Build.0 = Debug|Win32
		{76578A55-6141-420C-B7BA-E85A90AA1DA6}.Release|x64.ActiveCfg = Release|x64
		{76578A55-6141-420C-B7BA-E85A90AA1DA6}.Release|x64.Build.0 = Release|x64
		{76578A55-6141-420C-B7BA-E85A90AA1DA6}.Release|x86.ActiveCfg = Release|Win32
		{76578A55-6141-420C-B7BA-E85A90AA1DA6}.Release|x86.Build.0 = Release|Win32
	EndGlobalSection
	GlobalSection(SolutionProperties) = preSolution
		HideSolutionNode = FALSE
	EndGlobalSection
	GlobalSection(ExtensibilityGlobals) = postSolution
		SolutionGuid = {7DDC7E10-5057-4231-B4C0-D154827BF002}
	EndGlobalSection
EndGlobal
